// !$*UTF8*$!
{
	archiveVersion = 1;
	classes = {
	};
	objectVersion = 50;
	objects = {

/* Begin PBXBuildFile section */
		4580A3A6244C567400406517 /* ColorView.swift in Sources */ = {isa = PBXBuildFile; fileRef = 4580A3A5244C567400406517 /* ColorView.swift */; };
		4580A3A8244D9B9E00406517 /* ImageViews.swift in Sources */ = {isa = PBXBuildFile; fileRef = 4580A3A7244D9B9E00406517 /* ImageViews.swift */; };
		4587BA4B244B029600D6B4D3 /* AppDelegate.swift in Sources */ = {isa = PBXBuildFile; fileRef = 4587BA4A244B029600D6B4D3 /* AppDelegate.swift */; };
		4587BA4D244B029600D6B4D3 /* SceneDelegate.swift in Sources */ = {isa = PBXBuildFile; fileRef = 4587BA4C244B029600D6B4D3 /* SceneDelegate.swift */; };
		4587BA4F244B029600D6B4D3 /* ContentView.swift in Sources */ = {isa = PBXBuildFile; fileRef = 4587BA4E244B029600D6B4D3 /* ContentView.swift */; };
		4587BA51244B029800D6B4D3 /* Assets.xcassets in Resources */ = {isa = PBXBuildFile; fileRef = 4587BA50244B029800D6B4D3 /* Assets.xcassets */; };
		4587BA54244B029800D6B4D3 /* Preview Assets.xcassets in Resources */ = {isa = PBXBuildFile; fileRef = 4587BA53244B029800D6B4D3 /* Preview Assets.xcassets */; };
		4587BA57244B029800D6B4D3 /* LaunchScreen.storyboard in Resources */ = {isa = PBXBuildFile; fileRef = 4587BA55244B029800D6B4D3 /* LaunchScreen.storyboard */; };
		45A0F9FA244C1224005387E2 /* Padding.swift in Sources */ = {isa = PBXBuildFile; fileRef = 45A0F9F9244C1224005387E2 /* Padding.swift */; };
		45A0F9FC244C1B92005387E2 /* FontView.swift in Sources */ = {isa = PBXBuildFile; fileRef = 45A0F9FB244C1B92005387E2 /* FontView.swift */; };
/* End PBXBuildFile section */

/* Begin PBXFileReference section */
		4580A3A5244C567400406517 /* ColorView.swift */ = {isa = PBXFileReference; lastKnownFileType = sourcecode.swift; path = ColorView.swift; sourceTree = "<group>"; };
		4580A3A7244D9B9E00406517 /* ImageViews.swift */ = {isa = PBXFileReference; lastKnownFileType = sourcecode.swift; path = ImageViews.swift; sourceTree = "<group>"; };
		4587BA47244B029600D6B4D3 /* SwiftUI Exercises.app */ = {isa = PBXFileReference; explicitFileType = wrapper.application; includeInIndex = 0; path = "SwiftUI Exercises.app"; sourceTree = BUILT_PRODUCTS_DIR; };
		4587BA4A244B029600D6B4D3 /* AppDelegate.swift */ = {isa = PBXFileReference; lastKnownFileType = sourcecode.swift; path = AppDelegate.swift; sourceTree = "<group>"; };
		4587BA4C244B029600D6B4D3 /* SceneDelegate.swift */ = {isa = PBXFileReference; lastKnownFileType = sourcecode.swift; path = SceneDelegate.swift; sourceTree = "<group>"; };
		4587BA4E244B029600D6B4D3 /* ContentView.swift */ = {isa = PBXFileReference; lastKnownFileType = sourcecode.swift; path = ContentView.swift; sourceTree = "<group>"; };
		4587BA50244B029800D6B4D3 /* Assets.xcassets */ = {isa = PBXFileReference; lastKnownFileType = folder.assetcatalog; path = Assets.xcassets; sourceTree = "<group>"; };
		4587BA53244B029800D6B4D3 /* Preview Assets.xcassets */ = {isa = PBXFileReference; lastKnownFileType = folder.assetcatalog; path = "Preview Assets.xcassets"; sourceTree = "<group>"; };
		4587BA56244B029800D6B4D3 /* Base */ = {isa = PBXFileReference; lastKnownFileType = file.storyboard; name = Base; path = Base.lproj/LaunchScreen.storyboard; sourceTree = "<group>"; };
		4587BA58244B029800D6B4D3 /* Info.plist */ = {isa = PBXFileReference; lastKnownFileType = text.plist.xml; path = Info.plist; sourceTree = "<group>"; };
		45A0F9F9244C1224005387E2 /* Padding.swift */ = {isa = PBXFileReference; lastKnownFileType = sourcecode.swift; path = Padding.swift; sourceTree = "<group>"; };
		45A0F9FB244C1B92005387E2 /* FontView.swift */ = {isa = PBXFileReference; lastKnownFileType = sourcecode.swift; path = FontView.swift; sourceTree = "<group>"; };
/* End PBXFileReference section */

/* Begin PBXFrameworksBuildPhase section */
		4587BA44244B029600D6B4D3 /* Frameworks */ = {
			isa = PBXFrameworksBuildPhase;
			buildActionMask = 2147483647;
			files = (
			);
			runOnlyForDeploymentPostprocessing = 0;
		};
/* End PBXFrameworksBuildPhase section */

/* Begin PBXGroup section */
		4587BA3E244B029600D6B4D3 = {
			isa = PBXGroup;
			children = (
				4587BA49244B029600D6B4D3 /* SwiftUI Exercises */,
				4587BA48244B029600D6B4D3 /* Products */,
			);
			sourceTree = "<group>";
		};
		4587BA48244B029600D6B4D3 /* Products */ = {
			isa = PBXGroup;
			children = (
				4587BA47244B029600D6B4D3 /* SwiftUI Exercises.app */,
			);
			name = Products;
			sourceTree = "<group>";
		};
		4587BA49244B029600D6B4D3 /* SwiftUI Exercises */ = {
			isa = PBXGroup;
			children = (
				4587BA4A244B029600D6B4D3 /* AppDelegate.swift */,
				4587BA4C244B029600D6B4D3 /* SceneDelegate.swift */,
				4587BA4E244B029600D6B4D3 /* ContentView.swift */,
				4587BA50244B029800D6B4D3 /* Assets.xcassets */,
				4587BA55244B029800D6B4D3 /* LaunchScreen.storyboard */,
				4587BA58244B029800D6B4D3 /* Info.plist */,
				4587BA52244B029800D6B4D3 /* Preview Content */,
				45A0F9F9244C1224005387E2 /* Padding.swift */,
				45A0F9FB244C1B92005387E2 /* FontView.swift */,
				4580A3A5244C567400406517 /* ColorView.swift */,
				4580A3A7244D9B9E00406517 /* ImageViews.swift */,
			);
			path = "SwiftUI Exercises";
			sourceTree = "<group>";
		};
		4587BA52244B029800D6B4D3 /* Preview Content */ = {
			isa = PBXGroup;
			children = (
				4587BA53244B029800D6B4D3 /* Preview Assets.xcassets */,
			);
			path = "Preview Content";
			sourceTree = "<group>";
		};
/* End PBXGroup section */

/* Begin PBXNativeTarget section */
		4587BA46244B029600D6B4D3 /* SwiftUI Exercises */ = {
			isa = PBXNativeTarget;
			buildConfigurationList = 4587BA5B244B029800D6B4D3 /* Build configuration list for PBXNativeTarget "SwiftUI Exercises" */;
			buildPhases = (
				4587BA43244B029600D6B4D3 /* Sources */,
				4587BA44244B029600D6B4D3 /* Frameworks */,
				4587BA45244B029600D6B4D3 /* Resources */,
			);
			buildRules = (
			);
			dependencies = (
			);
			name = "SwiftUI Exercises";
			productName = "SwiftUI Exercises";
			productReference = 4587BA47244B029600D6B4D3 /* SwiftUI Exercises.app */;
			productType = "com.apple.product-type.application";
		};
/* End PBXNativeTarget section */

/* Begin PBXProject section */
		4587BA3F244B029600D6B4D3 /* Project object */ = {
			isa = PBXProject;
			attributes = {
				LastSwiftUpdateCheck = 1140;
				LastUpgradeCheck = 1140;
				ORGANIZATIONNAME = "Sunimal Herath";
				TargetAttributes = {
					4587BA46244B029600D6B4D3 = {
						CreatedOnToolsVersion = 11.4;
					};
				};
			};
			buildConfigurationList = 4587BA42244B029600D6B4D3 /* Build configuration list for PBXProject "SwiftUI Exercises" */;
			compatibilityVersion = "Xcode 9.3";
			developmentRegion = en;
			hasScannedForEncodings = 0;
			knownRegions = (
				en,
				Base,
			);
			mainGroup = 4587BA3E244B029600D6B4D3;
			productRefGroup = 4587BA48244B029600D6B4D3 /* Products */;
			projectDirPath = "";
			projectRoot = "";
			targets = (
				4587BA46244B029600D6B4D3 /* SwiftUI Exercises */,
			);
		};
/* End PBXProject section */

/* Begin PBXResourcesBuildPhase section */
		4587BA45244B029600D6B4D3 /* Resources */ = {
			isa = PBXResourcesBuildPhase;
			buildActionMask = 2147483647;
			files = (
				4587BA57244B029800D6B4D3 /* LaunchScreen.storyboard in Resources */,
				4587BA54244B029800D6B4D3 /* Preview Assets.xcassets in Resources */,
				4587BA51244B029800D6B4D3 /* Assets.xcassets in Resources */,
			);
			runOnlyForDeploymentPostprocessing = 0;
		};
/* End PBXResourcesBuildPhase section */

/* Begin PBXSourcesBuildPhase section */
		4587BA43244B029600D6B4D3 /* Sources */ = {
			isa = PBXSourcesBuildPhase;
			buildActionMask = 2147483647;
			files = (
				4580A3A6244C567400406517 /* ColorView.swift in Sources */,
				4587BA4B244B029600D6B4D3 /* AppDelegate.swift in Sources */,
				4587BA4D244B029600D6B4D3 /* SceneDelegate.swift in Sources */,
				4587BA4F244B029600D6B4D3 /* ContentView.swift in Sources */,
				4580A3A8244D9B9E00406517 /* ImageViews.swift in Sources */,
				45A0F9FA244C1224005387E2 /* Padding.swift in Sources */,
				45A0F9FC244C1B92005387E2 /* FontView.swift in Sources */,
			);
			runOnlyForDeploymentPostprocessing = 0;
		};
/* End PBXSourcesBuildPhase section */

/* Begin PBXVariantGroup section */
		4587BA55244B029800D6B4D3 /* LaunchScreen.storyboard */ = {
			isa = PBXVariantGroup;
			children = (
				4587BA56244B029800D6B4D3 /* Base */,
			);
			name = LaunchScreen.storyboard;
			sourceTree = "<group>";
		};
/* End PBXVariantGroup section */

/* Begin XCBuildConfiguration section */
		4587BA59244B029800D6B4D3 /* Debug */ = {
			isa = XCBuildConfiguration;
			buildSettings = {
				ALWAYS_SEARCH_USER_PATHS = NO;
				CLANG_ANALYZER_NONNULL = YES;
				CLANG_ANALYZER_NUMBER_OBJECT_CONVERSION = YES_AGGRESSIVE;
				CLANG_CXX_LANGUAGE_STANDARD = "gnu++14";
				CLANG_CXX_LIBRARY = "libc++";
				CLANG_ENABLE_MODULES = YES;
				CLANG_ENABLE_OBJC_ARC = YES;
				CLANG_ENABLE_OBJC_WEAK = YES;
				CLANG_WARN_BLOCK_CAPTURE_AUTORELEASING = YES;
				CLANG_WARN_BOOL_CONVERSION = YES;
				CLANG_WARN_COMMA = YES;
				CLANG_WARN_CONSTANT_CONVERSION = YES;
				CLANG_WARN_DEPRECATED_OBJC_IMPLEMENTATIONS = YES;
				CLANG_WARN_DIRECT_OBJC_ISA_USAGE = YES_ERROR;
				CLANG_WARN_DOCUMENTATION_COMMENTS = YES;
				CLANG_WARN_EMPTY_BODY = YES;
				CLANG_WARN_ENUM_CONVERSION = YES;
				CLANG_WARN_INFINITE_RECURSION = YES;
				CLANG_WARN_INT_CONVERSION = YES;
				CLANG_WARN_NON_LITERAL_NULL_CONVERSION = YES;
				CLANG_WARN_OBJC_IMPLICIT_RETAIN_SELF = YES;
				CLANG_WARN_OBJC_LITERAL_CONVERSION = YES;
				CLANG_WARN_OBJC_ROOT_CLASS = YES_ERROR;
				CLANG_WARN_RANGE_LOOP_ANALYSIS = YES;
				CLANG_WARN_STRICT_PROTOTYPES = YES;
				CLANG_WARN_SUSPICIOUS_MOVE = YES;
				CLANG_WARN_UNGUARDED_AVAILABILITY = YES_AGGRESSIVE;
				CLANG_WARN_UNREACHABLE_CODE = YES;
				CLANG_WARN__DUPLICATE_METHOD_MATCH = YES;
				COPY_PHASE_STRIP = NO;
				DEBUG_INFORMATION_FORMAT = dwarf;
				ENABLE_STRICT_OBJC_MSGSEND = YES;
				ENABLE_TESTABILITY = YES;
				GCC_C_LANGUAGE_STANDARD = gnu11;
				GCC_DYNAMIC_NO_PIC = NO;
				GCC_NO_COMMON_BLOCKS = YES;
				GCC_OPTIMIZATION_LEVEL = 0;
				GCC_PREPROCESSOR_DEFINITIONS = (
					"DEBUG=1",
					"$(inherited)",
				);
				GCC_WARN_64_TO_32_BIT_CONVERSION = YES;
				GCC_WARN_ABOUT_RETURN_TYPE = YES_ERROR;
				GCC_WARN_UNDECLARED_SELECTOR = YES;
				GCC_WARN_UNINITIALIZED_AUTOS = YES_AGGRESSIVE;
				GCC_WARN_UNUSED_FUNCTION = YES;
				GCC_WARN_UNUSED_VARIABLE = YES;
				IPHONEOS_DEPLOYMENT_TARGET = 13.4;
				MTL_ENABLE_DEBUG_INFO = INCLUDE_SOURCE;
				MTL_FAST_MATH = YES;
				ONLY_ACTIVE_ARCH = YES;
				SDKROOT = iphoneos;
				SWIFT_ACTIVE_COMPILATION_CONDITIONS = DEBUG;
				SWIFT_OPTIMIZATION_LEVEL = "-Onone";
			};
			name = Debug;
		};
		4587BA5A244B029800D6B4D3 /* Release */ = {
			isa = XCBuildConfiguration;
			buildSettings = {
				ALWAYS_SEARCH_USER_PATHS = NO;
				CLANG_ANALYZER_NONNULL = YES;
				CLANG_ANALYZER_NUMBER_OBJECT_CONVERSION = YES_AGGRESSIVE;
				CLANG_CXX_LANGUAGE_STANDARD = "gnu++14";
				CLANG_CXX_LIBRARY = "libc++";
				CLANG_ENABLE_MODULES = YES;
				CLANG_ENABLE_OBJC_ARC = YES;
				CLANG_ENABLE_OBJC_WEAK = YES;
				CLANG_WARN_BLOCK_CAPTURE_AUTORELEASING = YES;
				CLANG_WARN_BOOL_CONVERSION = YES;
				CLANG_WARN_COMMA = YES;
				CLANG_WARN_CONSTANT_CONVERSION = YES;
				CLANG_WARN_DEPRECATED_OBJC_IMPLEMENTATIONS = YES;
				CLANG_WARN_DIRECT_OBJC_ISA_USAGE = YES_ERROR;
				CLANG_WARN_DOCUMENTATION_COMMENTS = YES;
				CLANG_WARN_EMPTY_BODY = YES;
				CLANG_WARN_ENUM_CONVERSION = YES;
				CLANG_WARN_INFINITE_RECURSION = YES;
				CLANG_WARN_INT_CONVERSION = YES;
				CLANG_WARN_NON_LITERAL_NULL_CONVERSION = YES;
				CLANG_WARN_OBJC_IMPLICIT_RETAIN_SELF = YES;
				CLANG_WARN_OBJC_LITERAL_CONVERSION = YES;
				CLANG_WARN_OBJC_ROOT_CLASS = YES_ERROR;
				CLANG_WARN_RANGE_LOOP_ANALYSIS = YES;
				CLANG_WARN_STRICT_PROTOTYPES = YES;
				CLANG_WARN_SUSPICIOUS_MOVE = YES;
				CLANG_WARN_UNGUARDED_AVAILABILITY = YES_AGGRESSIVE;
				CLANG_WARN_UNREACHABLE_CODE = YES;
				CLANG_WARN__DUPLICATE_METHOD_MATCH = YES;
				COPY_PHASE_STRIP = NO;
				DEBUG_INFORMATION_FORMAT = "dwarf-with-dsym";
				ENABLE_NS_ASSERTIONS = NO;
				ENABLE_STRICT_OBJC_MSGSEND = YES;
				GCC_C_LANGUAGE_STANDARD = gnu11;
				GCC_NO_COMMON_BLOCKS = YES;
				GCC_WARN_64_TO_32_BIT_CONVERSION = YES;
				GCC_WARN_ABOUT_RETURN_TYPE = YES_ERROR;
				GCC_WARN_UNDECLARED_SELECTOR = YES;
				GCC_WARN_UNINITIALIZED_AUTOS = YES_AGGRESSIVE;
				GCC_WARN_UNUSED_FUNCTION = YES;
				GCC_WARN_UNUSED_VARIABLE = YES;
				IPHONEOS_DEPLOYMENT_TARGET = 13.4;
				MTL_ENABLE_DEBUG_INFO = NO;
				MTL_FAST_MATH = YES;
				SDKROOT = iphoneos;
				SWIFT_COMPILATION_MODE = wholemodule;
				SWIFT_OPTIMIZATION_LEVEL = "-O";
				VALIDATE_PRODUCT = YES;
			};
			name = Release;
		};
		4587BA5C244B029800D6B4D3 /* Debug */ = {
			isa = XCBuildConfiguration;
			buildSettings = {
				ASSETCATALOG_COMPILER_APPICON_NAME = AppIcon;
				CODE_SIGN_STYLE = Automatic;
				DEVELOPMENT_ASSET_PATHS = "\"SwiftUI Exercises/Preview Content\"";
				DEVELOPMENT_TEAM = 8TT3935U7A;
				ENABLE_PREVIEWS = YES;
				INFOPLIST_FILE = "SwiftUI Exercises/Info.plist";
				LD_RUNPATH_SEARCH_PATHS = (
					"$(inherited)",
					"@executable_path/Frameworks",
				);
				PRODUCT_BUNDLE_IDENTIFIER = "com.cod3breaker.SwiftUI-Exercises";
				PRODUCT_NAME = "$(TARGET_NAME)";
				SWIFT_VERSION = 5.0;
				TARGETED_DEVICE_FAMILY = "1,2";
			};
			name = Debug;
		};
		4587BA5D244B029800D6B4D3 /* Release */ = {
			isa = XCBuildConfiguration;
			buildSettings = {
				ASSETCATALOG_COMPILER_APPICON_NAME = AppIcon;
				CODE_SIGN_STYLE = Automatic;
				DEVELOPMENT_ASSET_PATHS = "\"SwiftUI Exercises/Preview Content\"";
				DEVELOPMENT_TEAM = 8TT3935U7A;
				ENABLE_PREVIEWS = YES;
				INFOPLIST_FILE = "SwiftUI Exercises/Info.plist";
				LD_RUNPATH_SEARCH_PATHS = (
					"$(inherited)",
					"@executable_path/Frameworks",
				);
				PRODUCT_BUNDLE_IDENTIFIER = "com.cod3breaker.SwiftUI-Exercises";
				PRODUCT_NAME = "$(TARGET_NAME)";
				SWIFT_VERSION = 5.0;
				TARGETED_DEVICE_FAMILY = "1,2";
			};
			name = Release;
		};
/* End XCBuildConfiguration section */

/* Begin XCConfigurationList section */
		4587BA42244B029600D6B4D3 /* Build configuration list for PBXProject "SwiftUI Exercises" */ = {
			isa = XCConfigurationList;
			buildConfigurations = (
				4587BA59244B029800D6B4D3 /* Debug */,
				4587BA5A244B029800D6B4D3 /* Release */,
			);
			defaultConfigurationIsVisible = 0;
			defaultConfigurationName = Release;
		};
		4587BA5B244B029800D6B4D3 /* Build configuration list for PBXNativeTarget "SwiftUI Exercises" */ = {
			isa = XCConfigurationList;
			buildConfigurations = (
				4587BA5C244B029800D6B4D3 /* Debug */,
				4587BA5D244B029800D6B4D3 /* Release */,
			);
			defaultConfigurationIsVisible = 0;
			defaultConfigurationName = Release;
		};
/* End XCConfigurationList section */
	};
	rootObject = 4587BA3F244B029600D6B4D3 /* Project object */;
}
